
Microsoft Visual Studio Solution File, Format Version 12.00
# Visual Studio Version 17
VisualStudioVersion = 17.5.002.0
MinimumVisualStudioVersion = 10.0.40219.1
Project("{9A19103F-16F7-4668-BE54-9A1E7A4F7556}") = "ExpCurvFitting.Web", "ExpCurvFitting.Web.csproj", "{C78E7656-26C4-42C0-9B6E-383D72ADF88C}"
EndProject
Global
	GlobalSection(SolutionConfigurationPlatforms) = preSolution
		Debug|Any CPU = Debug|Any CPU
		Release|Any CPU = Release|Any CPU
	EndGlobalSection
	GlobalSection(ProjectConfigurationPlatforms) = postSolution
		{C78E7656-26C4-42C0-9B6E-383D72ADF88C}.Debug|Any CPU.ActiveCfg = Debug|Any CPU
		{C78E7656-26C4-42C0-9B6E-383D72ADF88C}.Debug|Any CPU.Build.0 = Debug|Any CPU
		{C78E7656-26C4-42C0-9B6E-383D72ADF88C}.Release|Any CPU.ActiveCfg = Release|Any CPU
		{C78E7656-26C4-42C0-9B6E-383D72ADF88C}.Release|Any CPU.Build.0 = Release|Any CPU
	EndGlobalSection
	GlobalSection(SolutionProperties) = preSolution
		HideSolutionNode = FALSE
	EndGlobalSection
	GlobalSection(ExtensibilityGlobals) = postSolution
		SolutionGuid = {2400A970-192F-4CF8-BB5F-A23419D7B6CE}
	EndGlobalSection
EndGlobal
